// !$*UTF8*$!
{
	archiveVersion = 1;
	classes = {
	};
	objectVersion = 46;
	objects = {

/* Begin PBXBuildFile section */
		9C222BBE1F3222E3001EAE9A /* AppDelegate.swift in Sources */ = {isa = PBXBuildFile; fileRef = 9C222BBD1F3222E3001EAE9A /* AppDelegate.swift */; };
		9C222BC01F3222E3001EAE9A /* ViewController.swift in Sources */ = {isa = PBXBuildFile; fileRef = 9C222BBF1F3222E3001EAE9A /* ViewController.swift */; };
		9C222BC31F3222E3001EAE9A /* Main.storyboard in Resources */ = {isa = PBXBuildFile; fileRef = 9C222BC11F3222E3001EAE9A /* Main.storyboard */; };
		9C222BC51F3222E3001EAE9A /* Assets.xcassets in Resources */ = {isa = PBXBuildFile; fileRef = 9C222BC41F3222E3001EAE9A /* Assets.xcassets */; };
		9C222BC81F3222E3001EAE9A /* LaunchScreen.storyboard in Resources */ = {isa = PBXBuildFile; fileRef = 9C222BC61F3222E3001EAE9A /* LaunchScreen.storyboard */; };
		9C222BD11F322372001EAE9A /* Realm.framework in Frameworks */ = {isa = PBXBuildFile; fileRef = 9C222BCF1F322372001EAE9A /* Realm.framework */; };
		9C222BD21F322372001EAE9A /* Realm.framework in Embed Frameworks */ = {isa = PBXBuildFile; fileRef = 9C222BCF1F322372001EAE9A /* Realm.framework */; settings = {ATTRIBUTES = (CodeSignOnCopy, RemoveHeadersOnCopy, ); }; };
		9C222BD31F322372001EAE9A /* RealmSwift.framework in Frameworks */ = {isa = PBXBuildFile; fileRef = 9C222BD01F322372001EAE9A /* RealmSwift.framework */; };
		9C222BD41F322372001EAE9A /* RealmSwift.framework in Embed Frameworks */ = {isa = PBXBuildFile; fileRef = 9C222BD01F322372001EAE9A /* RealmSwift.framework */; settings = {ATTRIBUTES = (CodeSignOnCopy, RemoveHeadersOnCopy, ); }; };
		9C222BD71F322D27001EAE9A /* VoteController.swift in Sources */ = {isa = PBXBuildFile; fileRef = 9C222BD61F322D27001EAE9A /* VoteController.swift */; };
		9C222BD91F323421001EAE9A /* HostController.swift in Sources */ = {isa = PBXBuildFile; fileRef = 9C222BD81F323421001EAE9A /* HostController.swift */; };
		9C222BDB1F323432001EAE9A /* CreateRoomController.swift in Sources */ = {isa = PBXBuildFile; fileRef = 9C222BDA1F323432001EAE9A /* CreateRoomController.swift */; };
		9C222BDD1F323442001EAE9A /* ResultsController.swift in Sources */ = {isa = PBXBuildFile; fileRef = 9C222BDC1F323442001EAE9A /* ResultsController.swift */; };
		9C222BDF1F3234A4001EAE9A /* VoteSubmittedController.swift in Sources */ = {isa = PBXBuildFile; fileRef = 9C222BDE1F3234A4001EAE9A /* VoteSubmittedController.swift */; };
		9C222BE11F3234DA001EAE9A /* RatingController.swift in Sources */ = {isa = PBXBuildFile; fileRef = 9C222BE01F3234DA001EAE9A /* RatingController.swift */; };
/* End PBXBuildFile section */

/* Begin PBXCopyFilesBuildPhase section */
		9C222BD51F322372001EAE9A /* Embed Frameworks */ = {
			isa = PBXCopyFilesBuildPhase;
			buildActionMask = 2147483647;
			dstPath = "";
			dstSubfolderSpec = 10;
			files = (
				9C222BD41F322372001EAE9A /* RealmSwift.framework in Embed Frameworks */,
				9C222BD21F322372001EAE9A /* Realm.framework in Embed Frameworks */,
			);
			name = "Embed Frameworks";
			runOnlyForDeploymentPostprocessing = 0;
		};
/* End PBXCopyFilesBuildPhase section */

/* Begin PBXFileReference section */
		9C222BBA1F3222E3001EAE9A /* VoteRoom.app */ = {isa = PBXFileReference; explicitFileType = wrapper.application; includeInIndex = 0; path = VoteRoom.app; sourceTree = BUILT_PRODUCTS_DIR; };
		9C222BBD1F3222E3001EAE9A /* AppDelegate.swift */ = {isa = PBXFileReference; lastKnownFileType = sourcecode.swift; path = AppDelegate.swift; sourceTree = "<group>"; };
		9C222BBF1F3222E3001EAE9A /* ViewController.swift */ = {isa = PBXFileReference; lastKnownFileType = sourcecode.swift; path = ViewController.swift; sourceTree = "<group>"; };
		9C222BC21F3222E3001EAE9A /* Base */ = {isa = PBXFileReference; lastKnownFileType = file.storyboard; name = Base; path = Base.lproj/Main.storyboard; sourceTree = "<group>"; };
		9C222BC41F3222E3001EAE9A /* Assets.xcassets */ = {isa = PBXFileReference; lastKnownFileType = folder.assetcatalog; path = Assets.xcassets; sourceTree = "<group>"; };
		9C222BC71F3222E3001EAE9A /* Base */ = {isa = PBXFileReference; lastKnownFileType = file.storyboard; name = Base; path = Base.lproj/LaunchScreen.storyboard; sourceTree = "<group>"; };
		9C222BC91F3222E3001EAE9A /* Info.plist */ = {isa = PBXFileReference; lastKnownFileType = text.plist.xml; path = Info.plist; sourceTree = "<group>"; };
		9C222BCF1F322372001EAE9A /* Realm.framework */ = {isa = PBXFileReference; lastKnownFileType = wrapper.framework; path = Realm.framework; sourceTree = "<group>"; };
		9C222BD01F322372001EAE9A /* RealmSwift.framework */ = {isa = PBXFileReference; lastKnownFileType = wrapper.framework; path = RealmSwift.framework; sourceTree = "<group>"; };
		9C222BD61F322D27001EAE9A /* VoteController.swift */ = {isa = PBXFileReference; fileEncoding = 4; lastKnownFileType = sourcecode.swift; path = VoteController.swift; sourceTree = "<group>"; };
		9C222BD81F323421001EAE9A /* HostController.swift */ = {isa = PBXFileReference; fileEncoding = 4; lastKnownFileType = sourcecode.swift; path = HostController.swift; sourceTree = "<group>"; };
		9C222BDA1F323432001EAE9A /* CreateRoomController.swift */ = {isa = PBXFileReference; fileEncoding = 4; lastKnownFileType = sourcecode.swift; path = CreateRoomController.swift; sourceTree = "<group>"; };
		9C222BDC1F323442001EAE9A /* ResultsController.swift */ = {isa = PBXFileReference; fileEncoding = 4; lastKnownFileType = sourcecode.swift; path = ResultsController.swift; sourceTree = "<group>"; };
		9C222BDE1F3234A4001EAE9A /* VoteSubmittedController.swift */ = {isa = PBXFileReference; fileEncoding = 4; lastKnownFileType = sourcecode.swift; path = VoteSubmittedController.swift; sourceTree = "<group>"; };
		9C222BE01F3234DA001EAE9A /* RatingController.swift */ = {isa = PBXFileReference; fileEncoding = 4; lastKnownFileType = sourcecode.swift; path = RatingController.swift; sourceTree = "<group>"; };
/* End PBXFileReference section */

/* Begin PBXFrameworksBuildPhase section */
		9C222BB71F3222E3001EAE9A /* Frameworks */ = {
			isa = PBXFrameworksBuildPhase;
			buildActionMask = 2147483647;
			files = (
				9C222BD31F322372001EAE9A /* RealmSwift.framework in Frameworks */,
				9C222BD11F322372001EAE9A /* Realm.framework in Frameworks */,
			);
			runOnlyForDeploymentPostprocessing = 0;
		};
/* End PBXFrameworksBuildPhase section */

/* Begin PBXGroup section */
		9C222BB11F3222E3001EAE9A = {
			isa = PBXGroup;
			children = (
				9C222BCF1F322372001EAE9A /* Realm.framework */,
				9C222BD01F322372001EAE9A /* RealmSwift.framework */,
				9C222BBC1F3222E3001EAE9A /* VoteRoom */,
				9C222BBB1F3222E3001EAE9A /* Products */,
			);
			sourceTree = "<group>";
		};
		9C222BBB1F3222E3001EAE9A /* Products */ = {
			isa = PBXGroup;
			children = (
				9C222BBA1F3222E3001EAE9A /* VoteRoom.app */,
			);
			name = Products;
			sourceTree = "<group>";
		};
		9C222BBC1F3222E3001EAE9A /* VoteRoom */ = {
			isa = PBXGroup;
			children = (
				9C222BBD1F3222E3001EAE9A /* AppDelegate.swift */,
				9C222BBF1F3222E3001EAE9A /* ViewController.swift */,
				9C222BC11F3222E3001EAE9A /* Main.storyboard */,
				9C222BE01F3234DA001EAE9A /* RatingController.swift */,
				9C222BDE1F3234A4001EAE9A /* VoteSubmittedController.swift */,
				9C222BD81F323421001EAE9A /* HostController.swift */,
				9C222BDA1F323432001EAE9A /* CreateRoomController.swift */,
				9C222BDC1F323442001EAE9A /* ResultsController.swift */,
				9C222BD61F322D27001EAE9A /* VoteController.swift */,
				9C222BC41F3222E3001EAE9A /* Assets.xcassets */,
				9C222BC61F3222E3001EAE9A /* LaunchScreen.storyboard */,
				9C222BC91F3222E3001EAE9A /* Info.plist */,
			);
			path = VoteRoom;
			sourceTree = "<group>";
		};
/* End PBXGroup section */

/* Begin PBXNativeTarget section */
		9C222BB91F3222E3001EAE9A /* VoteRoom */ = {
			isa = PBXNativeTarget;
			buildConfigurationList = 9C222BCC1F3222E3001EAE9A /* Build configuration list for PBXNativeTarget "VoteRoom" */;
			buildPhases = (
				9C222BB61F3222E3001EAE9A /* Sources */,
				9C222BB71F3222E3001EAE9A /* Frameworks */,
				9C222BB81F3222E3001EAE9A /* Resources */,
				9C222BD51F322372001EAE9A /* Embed Frameworks */,
			);
			buildRules = (
			);
			dependencies = (
			);
			name = VoteRoom;
			productName = VoteRoom;
			productReference = 9C222BBA1F3222E3001EAE9A /* VoteRoom.app */;
			productType = "com.apple.product-type.application";
		};
/* End PBXNativeTarget section */

/* Begin PBXProject section */
		9C222BB21F3222E3001EAE9A /* Project object */ = {
			isa = PBXProject;
			attributes = {
				LastSwiftUpdateCheck = 0830;
				LastUpgradeCheck = 0830;
				ORGANIZATIONNAME = "Marina Tassi";
				TargetAttributes = {
					9C222BB91F3222E3001EAE9A = {
						CreatedOnToolsVersion = 8.3.2;
						ProvisioningStyle = Automatic;
					};
				};
			};
			buildConfigurationList = 9C222BB51F3222E3001EAE9A /* Build configuration list for PBXProject "VoteRoom" */;
			compatibilityVersion = "Xcode 3.2";
			developmentRegion = English;
			hasScannedForEncodings = 0;
			knownRegions = (
				en,
				Base,
			);
			mainGroup = 9C222BB11F3222E3001EAE9A;
			productRefGroup = 9C222BBB1F3222E3001EAE9A /* Products */;
			projectDirPath = "";
			projectRoot = "";
			targets = (
				9C222BB91F3222E3001EAE9A /* VoteRoom */,
			);
		};
/* End PBXProject section */

/* Begin PBXResourcesBuildPhase section */
		9C222BB81F3222E3001EAE9A /* Resources */ = {
			isa = PBXResourcesBuildPhase;
			buildActionMask = 2147483647;
			files = (
				9C222BC81F3222E3001EAE9A /* LaunchScreen.storyboard in Resources */,
				9C222BC51F3222E3001EAE9A /* Assets.xcassets in Resources */,
				9C222BC31F3222E3001EAE9A /* Main.storyboard in Resources */,
			);
			runOnlyForDeploymentPostprocessing = 0;
		};
/* End PBXResourcesBuildPhase section */

/* Begin PBXSourcesBuildPhase section */
		9C222BB61F3222E3001EAE9A /* Sources */ = {
			isa = PBXSourcesBuildPhase;
			buildActionMask = 2147483647;
			files = (
				9C222BDF1F3234A4001EAE9A /* VoteSubmittedController.swift in Sources */,
				9C222BD71F322D27001EAE9A /* VoteController.swift in Sources */,
				9C222BE11F3234DA001EAE9A /* RatingController.swift in Sources */,
				9C222BD91F323421001EAE9A /* HostController.swift in Sources */,
				9C222BDD1F323442001EAE9A /* ResultsController.swift in Sources */,
				9C222BDB1F323432001EAE9A /* CreateRoomController.swift in Sources */,
				9C222BC01F3222E3001EAE9A /* ViewController.swift in Sources */,
				9C222BBE1F3222E3001EAE9A /* AppDelegate.swift in Sources */,
			);
			runOnlyForDeploymentPostprocessing = 0;
		};
/* End PBXSourcesBuildPhase section */

/* Begin PBXVariantGroup section */
		9C222BC11F3222E3001EAE9A /* Main.storyboard */ = {
			isa = PBXVariantGroup;
			children = (
				9C222BC21F3222E3001EAE9A /* Base */,
			);
			name = Main.storyboard;
			sourceTree = "<group>";
		};
		9C222BC61F3222E3001EAE9A /* LaunchScreen.storyboard */ = {
			isa = PBXVariantGroup;
			children = (
				9C222BC71F3222E3001EAE9A /* Base */,
			);
			name = LaunchScreen.storyboard;
			sourceTree = "<group>";
		};
/* End PBXVariantGroup section */

/* Begin XCBuildConfiguration section */
		9C222BCA1F3222E3001EAE9A /* Debug */ = {
			isa = XCBuildConfiguration;
			buildSettings = {
				ALWAYS_SEARCH_USER_PATHS = NO;
				CLANG_ANALYZER_NONNULL = YES;
				CLANG_ANALYZER_NUMBER_OBJECT_CONVERSION = YES_AGGRESSIVE;
				CLANG_CXX_LANGUAGE_STANDARD = "gnu++0x";
				CLANG_CXX_LIBRARY = "libc++";
				CLANG_ENABLE_MODULES = YES;
				CLANG_ENABLE_OBJC_ARC = YES;
				CLANG_WARN_BOOL_CONVERSION = YES;
				CLANG_WARN_CONSTANT_CONVERSION = YES;
				CLANG_WARN_DIRECT_OBJC_ISA_USAGE = YES_ERROR;
				CLANG_WARN_DOCUMENTATION_COMMENTS = YES;
				CLANG_WARN_EMPTY_BODY = YES;
				CLANG_WARN_ENUM_CONVERSION = YES;
				CLANG_WARN_INFINITE_RECURSION = YES;
				CLANG_WARN_INT_CONVERSION = YES;
				CLANG_WARN_OBJC_ROOT_CLASS = YES_ERROR;
				CLANG_WARN_SUSPICIOUS_MOVE = YES;
				CLANG_WARN_UNREACHABLE_CODE = YES;
				CLANG_WARN__DUPLICATE_METHOD_MATCH = YES;
				"CODE_SIGN_IDENTITY[sdk=iphoneos*]" = "iPhone Developer";
				COPY_PHASE_STRIP = NO;
				DEBUG_INFORMATION_FORMAT = dwarf;
				ENABLE_STRICT_OBJC_MSGSEND = YES;
				ENABLE_TESTABILITY = YES;
				GCC_C_LANGUAGE_STANDARD = gnu99;
				GCC_DYNAMIC_NO_PIC = NO;
				GCC_NO_COMMON_BLOCKS = YES;
				GCC_OPTIMIZATION_LEVEL = 0;
				GCC_PREPROCESSOR_DEFINITIONS = (
					"DEBUG=1",
					"$(inherited)",
				);
				GCC_WARN_64_TO_32_BIT_CONVERSION = YES;
				GCC_WARN_ABOUT_RETURN_TYPE = YES_ERROR;
				GCC_WARN_UNDECLARED_SELECTOR = YES;
				GCC_WARN_UNINITIALIZED_AUTOS = YES_AGGRESSIVE;
				GCC_WARN_UNUSED_FUNCTION = YES;
				GCC_WARN_UNUSED_VARIABLE = YES;
				IPHONEOS_DEPLOYMENT_TARGET = 10.3;
				MTL_ENABLE_DEBUG_INFO = YES;
				ONLY_ACTIVE_ARCH = YES;
				SDKROOT = iphoneos;
				SWIFT_ACTIVE_COMPILATION_CONDITIONS = DEBUG;
				SWIFT_OPTIMIZATION_LEVEL = "-Onone";
			};
			name = Debug;
		};
		9C222BCB1F3222E3001EAE9A /* Release */ = {
			isa = XCBuildConfiguration;
			buildSettings = {
				ALWAYS_SEARCH_USER_PATHS = NO;
				CLANG_ANALYZER_NONNULL = YES;
				CLANG_ANALYZER_NUMBER_OBJECT_CONVERSION = YES_AGGRESSIVE;
				CLANG_CXX_LANGUAGE_STANDARD = "gnu++0x";
				CLANG_CXX_LIBRARY = "libc++";
				CLANG_ENABLE_MODULES = YES;
				CLANG_ENABLE_OBJC_ARC = YES;
				CLANG_WARN_BOOL_CONVERSION = YES;
				CLANG_WARN_CONSTANT_CONVERSION = YES;
				CLANG_WARN_DIRECT_OBJC_ISA_USAGE = YES_ERROR;
				CLANG_WARN_DOCUMENTATION_COMMENTS = YES;
				CLANG_WARN_EMPTY_BODY = YES;
				CLANG_WARN_ENUM_CONVERSION = YES;
				CLANG_WARN_INFINITE_RECURSION = YES;
				CLANG_WARN_INT_CONVERSION = YES;
				CLANG_WARN_OBJC_ROOT_CLASS = YES_ERROR;
				CLANG_WARN_SUSPICIOUS_MOVE = YES;
				CLANG_WARN_UNREACHABLE_CODE = YES;
				CLANG_WARN__DUPLICATE_METHOD_MATCH = YES;
				"CODE_SIGN_IDENTITY[sdk=iphoneos*]" = "iPhone Developer";
				COPY_PHASE_STRIP = NO;
				DEBUG_INFORMATION_FORMAT = "dwarf-with-dsym";
				ENABLE_NS_ASSERTIONS = NO;
				ENABLE_STRICT_OBJC_MSGSEND = YES;
				GCC_C_LANGUAGE_STANDARD = gnu99;
				GCC_NO_COMMON_BLOCKS = YES;
				GCC_WARN_64_TO_32_BIT_CONVERSION = YES;
				GCC_WARN_ABOUT_RETURN_TYPE = YES_ERROR;
				GCC_WARN_UNDECLARED_SELECTOR = YES;
				GCC_WARN_UNINITIALIZED_AUTOS = YES_AGGRESSIVE;
				GCC_WARN_UNUSED_FUNCTION = YES;
				GCC_WARN_UNUSED_VARIABLE = YES;
				IPHONEOS_DEPLOYMENT_TARGET = 10.3;
				MTL_ENABLE_DEBUG_INFO = NO;
				SDKROOT = iphoneos;
				SWIFT_OPTIMIZATION_LEVEL = "-Owholemodule";
				VALIDATE_PRODUCT = YES;
			};
			name = Release;
		};
		9C222BCD1F3222E3001EAE9A /* Debug */ = {
			isa = XCBuildConfiguration;
			buildSettings = {
				ASSETCATALOG_COMPILER_APPICON_NAME = AppIcon;
				"CODE_SIGN_IDENTITY[sdk=iphoneos*]" = "iPhone Developer";
				DEVELOPMENT_TEAM = "";
				FRAMEWORK_SEARCH_PATHS = (
					"$(inherited)",
					"$(PROJECT_DIR)",
				);
				INFOPLIST_FILE = VoteRoom/Info.plist;
				LD_RUNPATH_SEARCH_PATHS = "$(inherited) @executable_path/Frameworks";
				PRODUCT_BUNDLE_IDENTIFIER = com.example.VoteRoom;
				PRODUCT_NAME = "$(TARGET_NAME)";
				PROVISIONING_PROFILE_SPECIFIER = "";
				SWIFT_VERSION = 3.0;
			};
			name = Debug;
		};
		9C222BCE1F3222E3001EAE9A /* Release */ = {
			isa = XCBuildConfiguration;
			buildSettings = {
				ASSETCATALOG_COMPILER_APPICON_NAME = AppIcon;
				"CODE_SIGN_IDENTITY[sdk=iphoneos*]" = "iPhone Developer";
				DEVELOPMENT_TEAM = "";
				FRAMEWORK_SEARCH_PATHS = (
					"$(inherited)",
					"$(PROJECT_DIR)",
				);
				INFOPLIST_FILE = VoteRoom/Info.plist;
				LD_RUNPATH_SEARCH_PATHS = "$(inherited) @executable_path/Frameworks";
				PRODUCT_BUNDLE_IDENTIFIER = com.example.VoteRoom;
				PRODUCT_NAME = "$(TARGET_NAME)";
				PROVISIONING_PROFILE_SPECIFIER = "";
				SWIFT_VERSION = 3.0;
			};
			name = Release;
		};
/* End XCBuildConfiguration section */

/* Begin XCConfigurationList section */
		9C222BB51F3222E3001EAE9A /* Build configuration list for PBXProject "VoteRoom" */ = {
			isa = XCConfigurationList;
			buildConfigurations = (
				9C222BCA1F3222E3001EAE9A /* Debug */,
				9C222BCB1F3222E3001EAE9A /* Release */,
			);
			defaultConfigurationIsVisible = 0;
			defaultConfigurationName = Release;
		};
		9C222BCC1F3222E3001EAE9A /* Build configuration list for PBXNativeTarget "VoteRoom" */ = {
			isa = XCConfigurationList;
			buildConfigurations = (
				9C222BCD1F3222E3001EAE9A /* Debug */,
				9C222BCE1F3222E3001EAE9A /* Release */,
			);
			defaultConfigurationIsVisible = 0;
		};
/* End XCConfigurationList section */
	};
	rootObject = 9C222BB21F3222E3001EAE9A /* Project object */;
}
